
Microsoft Visual Studio Solution File, Format Version 12.00
# Visual Studio Version 16
VisualStudioVersion = 16.0.31321.278
MinimumVisualStudioVersion = 10.0.40219.1
Project("{FAE04EC0-301F-11D3-BF4B-00C04F79EFBC}") = "MvcMasterDetails", "MvcMasterDetails\MvcMasterDetails.csproj", "{79510392-F009-4936-911A-A5383A1F1536}"
EndProject
Project("{FAE04EC0-301F-11D3-BF4B-00C04F79EFBC}") = "ReportControl", "ReportControl\ReportControl.csproj", "{1D45D7C2-E985-4987-9FC5-1134A6D77558}"
EndProject
Global
	GlobalSection(SolutionConfigurationPlatforms) = preSolution
		Debug|Any CPU = Debug|Any CPU
		Release|Any CPU = Release|Any CPU
	EndGlobalSection
	GlobalSection(ProjectConfigurationPlatforms) = postSolution
		{79510392-F009-4936-911A-A5383A1F1536}.Debug|Any CPU.ActiveCfg = Debug|Any CPU
		{79510392-F009-4936-911A-A5383A1F1536}.Debug|Any CPU.Build.0 = Debug|Any CPU
		{79510392-F009-4936-911A-A5383A1F1536}.Release|Any CPU.ActiveCfg = Release|Any CPU
		{79510392-F009-4936-911A-A5383A1F1536}.Release|Any CPU.Build.0 = Release|Any CPU
		{1D45D7C2-E985-4987-9FC5-1134A6D77558}.Debug|Any CPU.ActiveCfg = Debug|Any CPU
		{1D45D7C2-E985-4987-9FC5-1134A6D77558}.Debug|Any CPU.Build.0 = Debug|Any CPU
		{1D45D7C2-E985-4987-9FC5-1134A6D77558}.Release|Any CPU.ActiveCfg = Release|Any CPU
		{1D45D7C2-E985-4987-9FC5-1134A6D77558}.Release|Any CPU.Build.0 = Release|Any CPU
	EndGlobalSection
	GlobalSection(SolutionProperties) = preSolution
		HideSolutionNode = FALSE
	EndGlobalSection
	GlobalSection(ExtensibilityGlobals) = postSolution
		SolutionGuid = {B0A70A5D-4709-47A4-B8D1-657784F71E7E}
	EndGlobalSection
EndGlobal
